
Microsoft Visual Studio Solution File, Format Version 12.00
# Visual Studio Version 16
VisualStudioVersion = 16.0.29728.190
MinimumVisualStudioVersion = 10.0.40219.1
Project("{FAE04EC0-301F-11D3-BF4B-00C04F79EFBC}") = "Physics2D", "Physics2D\Physics2D.csproj", "{D5E0B181-00B2-4CA0-9551-03085EAE8D97}"
EndProject
Project("{FAE04EC0-301F-11D3-BF4B-00C04F79EFBC}") = "Samples", "Samples\Samples.csproj", "{476E9464-E446-4CC8-85FA-328FA43DDAB9}"
EndProject
Global
	GlobalSection(SolutionConfigurationPlatforms) = preSolution
		Debug|Any CPU = Debug|Any CPU
		Release|Any CPU = Release|Any CPU
	EndGlobalSection
	GlobalSection(ProjectConfigurationPlatforms) = postSolution
		{D5E0B181-00B2-4CA0-9551-03085EAE8D97}.Debug|Any CPU.ActiveCfg = Debug|Any CPU
		{D5E0B181-00B2-4CA0-9551-03085EAE8D97}.Debug|Any CPU.Build.0 = Debug|Any CPU
		{D5E0B181-00B2-4CA0-9551-03085EAE8D97}.Release|Any CPU.ActiveCfg = Release|Any CPU
		{D5E0B181-00B2-4CA0-9551-03085EAE8D97}.Release|Any CPU.Build.0 = Release|Any CPU
		{476E9464-E446-4CC8-85FA-328FA43DDAB9}.Debug|Any CPU.ActiveCfg = Debug|Any CPU
		{476E9464-E446-4CC8-85FA-328FA43DDAB9}.Debug|Any CPU.Build.0 = Debug|Any CPU
		{476E9464-E446-4CC8-85FA-328FA43DDAB9}.Release|Any CPU.ActiveCfg = Release|Any CPU
		{476E9464-E446-4CC8-85FA-328FA43DDAB9}.Release|Any CPU.Build.0 = Release|Any CPU
	EndGlobalSection
	GlobalSection(SolutionProperties) = preSolution
		HideSolutionNode = FALSE
	EndGlobalSection
	GlobalSection(ExtensibilityGlobals) = postSolution
		SolutionGuid = {23623861-5751-46AF-BD41-69B18745B4F6}
	EndGlobalSection
EndGlobal
